
Microsoft Visual Studio Solution File, Format Version 12.00
# Visual Studio Version 16
VisualStudioVersion = 16.0.30517.126
MinimumVisualStudioVersion = 10.0.40219.1
Project("{FAE04EC0-301F-11D3-BF4B-00C04F79EFBC}") = "Exercise15_PasswordValidation", "Exercise15_PasswordValidation\Exercise15_PasswordValidation.csproj", "{64D578E5-6E9B-40FB-BEDB-2341D29629F1}"
EndProject
Global
	GlobalSection(SolutionConfigurationPlatforms) = preSolution
		Debug|Any CPU = Debug|Any CPU
		Release|Any CPU = Release|Any CPU
	EndGlobalSection
	GlobalSection(ProjectConfigurationPlatforms) = postSolution
		{64D578E5-6E9B-40FB-BEDB-2341D29629F1}.Debug|Any CPU.ActiveCfg = Debug|Any CPU
		{64D578E5-6E9B-40FB-BEDB-2341D29629F1}.Debug|Any CPU.Build.0 = Debug|Any CPU
		{64D578E5-6E9B-40FB-BEDB-2341D29629F1}.Release|Any CPU.ActiveCfg = Release|Any CPU
		{64D578E5-6E9B-40FB-BEDB-2341D29629F1}.Release|Any CPU.Build.0 = Release|Any CPU
	EndGlobalSection
	GlobalSection(SolutionProperties) = preSolution
		HideSolutionNode = FALSE
	EndGlobalSection
	GlobalSection(ExtensibilityGlobals) = postSolution
		SolutionGuid = {81FA4C2D-B27B-419E-9B58-AC98F409DC4B}
	EndGlobalSection
EndGlobal
