
Microsoft Visual Studio Solution File, Format Version 12.00
# Visual Studio Version 16
VisualStudioVersion = 16.0.30517.126
MinimumVisualStudioVersion = 10.0.40219.1
Project("{FAE04EC0-301F-11D3-BF4B-00C04F79EFBC}") = "Exercise44_ProductSearch", "Exercise44_ProductSearch\Exercise44_ProductSearch.csproj", "{9EFDA4B0-6447-4933-B399-BB2E6C8BC9F8}"
EndProject
Global
	GlobalSection(SolutionConfigurationPlatforms) = preSolution
		Debug|Any CPU = Debug|Any CPU
		Release|Any CPU = Release|Any CPU
	EndGlobalSection
	GlobalSection(ProjectConfigurationPlatforms) = postSolution
		{9EFDA4B0-6447-4933-B399-BB2E6C8BC9F8}.Debug|Any CPU.ActiveCfg = Debug|Any CPU
		{9EFDA4B0-6447-4933-B399-BB2E6C8BC9F8}.Debug|Any CPU.Build.0 = Debug|Any CPU
		{9EFDA4B0-6447-4933-B399-BB2E6C8BC9F8}.Release|Any CPU.ActiveCfg = Release|Any CPU
		{9EFDA4B0-6447-4933-B399-BB2E6C8BC9F8}.Release|Any CPU.Build.0 = Release|Any CPU
	EndGlobalSection
	GlobalSection(SolutionProperties) = preSolution
		HideSolutionNode = FALSE
	EndGlobalSection
	GlobalSection(ExtensibilityGlobals) = postSolution
		SolutionGuid = {D66CE858-8659-4AAA-A54F-17D867662D3E}
	EndGlobalSection
EndGlobal
