
Microsoft Visual Studio Solution File, Format Version 12.00
# Visual Studio Version 16
VisualStudioVersion = 16.0.30517.126
MinimumVisualStudioVersion = 10.0.40219.1
Project("{FAE04EC0-301F-11D3-BF4B-00C04F79EFBC}") = "Exercise45_WordFinder", "Exercise45_WordFinder\Exercise45_WordFinder.csproj", "{F89C32B8-AC36-423D-973B-6B88B4610F0A}"
EndProject
Global
	GlobalSection(SolutionConfigurationPlatforms) = preSolution
		Debug|Any CPU = Debug|Any CPU
		Release|Any CPU = Release|Any CPU
	EndGlobalSection
	GlobalSection(ProjectConfigurationPlatforms) = postSolution
		{F89C32B8-AC36-423D-973B-6B88B4610F0A}.Debug|Any CPU.ActiveCfg = Debug|Any CPU
		{F89C32B8-AC36-423D-973B-6B88B4610F0A}.Debug|Any CPU.Build.0 = Debug|Any CPU
		{F89C32B8-AC36-423D-973B-6B88B4610F0A}.Release|Any CPU.ActiveCfg = Release|Any CPU
		{F89C32B8-AC36-423D-973B-6B88B4610F0A}.Release|Any CPU.Build.0 = Release|Any CPU
	EndGlobalSection
	GlobalSection(SolutionProperties) = preSolution
		HideSolutionNode = FALSE
	EndGlobalSection
	GlobalSection(ExtensibilityGlobals) = postSolution
		SolutionGuid = {2B2180D5-2A8E-4580-9700-916BBB48C84B}
	EndGlobalSection
EndGlobal
