
Microsoft Visual Studio Solution File, Format Version 12.00
# Visual Studio Version 16
VisualStudioVersion = 16.0.30517.126
MinimumVisualStudioVersion = 10.0.40219.1
Project("{FAE04EC0-301F-11D3-BF4B-00C04F79EFBC}") = "Exercise2_CountingtheNumberofCharacters", "Exercise2_CountingtheNumberofCharacters\Exercise2_CountingtheNumberofCharacters.csproj", "{F4FA2129-AEC9-463D-8A1B-E7B5A2646025}"
EndProject
Global
	GlobalSection(SolutionConfigurationPlatforms) = preSolution
		Debug|Any CPU = Debug|Any CPU
		Release|Any CPU = Release|Any CPU
	EndGlobalSection
	GlobalSection(ProjectConfigurationPlatforms) = postSolution
		{F4FA2129-AEC9-463D-8A1B-E7B5A2646025}.Debug|Any CPU.ActiveCfg = Debug|Any CPU
		{F4FA2129-AEC9-463D-8A1B-E7B5A2646025}.Debug|Any CPU.Build.0 = Debug|Any CPU
		{F4FA2129-AEC9-463D-8A1B-E7B5A2646025}.Release|Any CPU.ActiveCfg = Release|Any CPU
		{F4FA2129-AEC9-463D-8A1B-E7B5A2646025}.Release|Any CPU.Build.0 = Release|Any CPU
	EndGlobalSection
	GlobalSection(SolutionProperties) = preSolution
		HideSolutionNode = FALSE
	EndGlobalSection
	GlobalSection(ExtensibilityGlobals) = postSolution
		SolutionGuid = {557FF207-CD92-403F-9430-F35260468D0C}
	EndGlobalSection
EndGlobal
