
Microsoft Visual Studio Solution File, Format Version 12.00
# Visual Studio Version 16
VisualStudioVersion = 16.0.30517.126
MinimumVisualStudioVersion = 10.0.40219.1
Project("{FAE04EC0-301F-11D3-BF4B-00C04F79EFBC}") = "Exercise16_DrivingAge", "Exercise16_DrivingAge\Exercise16_DrivingAge.csproj", "{B2C52102-9E7C-4209-82E2-EE3D719087E8}"
EndProject
Global
	GlobalSection(SolutionConfigurationPlatforms) = preSolution
		Debug|Any CPU = Debug|Any CPU
		Release|Any CPU = Release|Any CPU
	EndGlobalSection
	GlobalSection(ProjectConfigurationPlatforms) = postSolution
		{B2C52102-9E7C-4209-82E2-EE3D719087E8}.Debug|Any CPU.ActiveCfg = Debug|Any CPU
		{B2C52102-9E7C-4209-82E2-EE3D719087E8}.Debug|Any CPU.Build.0 = Debug|Any CPU
		{B2C52102-9E7C-4209-82E2-EE3D719087E8}.Release|Any CPU.ActiveCfg = Release|Any CPU
		{B2C52102-9E7C-4209-82E2-EE3D719087E8}.Release|Any CPU.Build.0 = Release|Any CPU
	EndGlobalSection
	GlobalSection(SolutionProperties) = preSolution
		HideSolutionNode = FALSE
	EndGlobalSection
	GlobalSection(ExtensibilityGlobals) = postSolution
		SolutionGuid = {FC8419A8-D106-4FA7-B9F1-CBD74E55220D}
	EndGlobalSection
EndGlobal
