
Microsoft Visual Studio Solution File, Format Version 12.00
# Visual Studio Version 16
VisualStudioVersion = 16.0.30517.126
MinimumVisualStudioVersion = 10.0.40219.1
Project("{FAE04EC0-301F-11D3-BF4B-00C04F79EFBC}") = "Exercise26_MonthsToPayOffACreditCard", "Exercise26_MonthsToPayOffACreditCard\Exercise26_MonthsToPayOffACreditCard.csproj", "{DFA9EC42-53A3-49F2-8F6E-E08250382FC5}"
EndProject
Global
	GlobalSection(SolutionConfigurationPlatforms) = preSolution
		Debug|Any CPU = Debug|Any CPU
		Release|Any CPU = Release|Any CPU
	EndGlobalSection
	GlobalSection(ProjectConfigurationPlatforms) = postSolution
		{DFA9EC42-53A3-49F2-8F6E-E08250382FC5}.Debug|Any CPU.ActiveCfg = Debug|Any CPU
		{DFA9EC42-53A3-49F2-8F6E-E08250382FC5}.Debug|Any CPU.Build.0 = Debug|Any CPU
		{DFA9EC42-53A3-49F2-8F6E-E08250382FC5}.Release|Any CPU.ActiveCfg = Release|Any CPU
		{DFA9EC42-53A3-49F2-8F6E-E08250382FC5}.Release|Any CPU.Build.0 = Release|Any CPU
	EndGlobalSection
	GlobalSection(SolutionProperties) = preSolution
		HideSolutionNode = FALSE
	EndGlobalSection
	GlobalSection(ExtensibilityGlobals) = postSolution
		SolutionGuid = {E8453CC2-DF06-40EB-BF49-02AA0AAA87E7}
	EndGlobalSection
EndGlobal
