
Microsoft Visual Studio Solution File, Format Version 12.00
# Visual Studio Version 16
VisualStudioVersion = 16.0.30517.126
MinimumVisualStudioVersion = 10.0.40219.1
Project("{FAE04EC0-301F-11D3-BF4B-00C04F79EFBC}") = "Exercise46_WordFrequencyFinder", "Exercise46_WordFrequencyFinder\Exercise46_WordFrequencyFinder.csproj", "{01C1FB0C-0FA6-4A07-B8B2-807A11B08F04}"
EndProject
Global
	GlobalSection(SolutionConfigurationPlatforms) = preSolution
		Debug|Any CPU = Debug|Any CPU
		Release|Any CPU = Release|Any CPU
	EndGlobalSection
	GlobalSection(ProjectConfigurationPlatforms) = postSolution
		{01C1FB0C-0FA6-4A07-B8B2-807A11B08F04}.Debug|Any CPU.ActiveCfg = Debug|Any CPU
		{01C1FB0C-0FA6-4A07-B8B2-807A11B08F04}.Debug|Any CPU.Build.0 = Debug|Any CPU
		{01C1FB0C-0FA6-4A07-B8B2-807A11B08F04}.Release|Any CPU.ActiveCfg = Release|Any CPU
		{01C1FB0C-0FA6-4A07-B8B2-807A11B08F04}.Release|Any CPU.Build.0 = Release|Any CPU
	EndGlobalSection
	GlobalSection(SolutionProperties) = preSolution
		HideSolutionNode = FALSE
	EndGlobalSection
	GlobalSection(ExtensibilityGlobals) = postSolution
		SolutionGuid = {F25693BA-696B-43DA-8750-23C5C3F72272}
	EndGlobalSection
EndGlobal
