
Microsoft Visual Studio Solution File, Format Version 12.00
# Visual Studio Version 16
VisualStudioVersion = 16.0.30517.126
MinimumVisualStudioVersion = 10.0.40219.1
Project("{FAE04EC0-301F-11D3-BF4B-00C04F79EFBC}") = "Exercise35_PickingAWinner", "Exercise35_PickingAWinner\Exercise35_PickingAWinner.csproj", "{80BC273D-893B-4096-8CC2-67D3D0EAF697}"
EndProject
Global
	GlobalSection(SolutionConfigurationPlatforms) = preSolution
		Debug|Any CPU = Debug|Any CPU
		Release|Any CPU = Release|Any CPU
	EndGlobalSection
	GlobalSection(ProjectConfigurationPlatforms) = postSolution
		{80BC273D-893B-4096-8CC2-67D3D0EAF697}.Debug|Any CPU.ActiveCfg = Debug|Any CPU
		{80BC273D-893B-4096-8CC2-67D3D0EAF697}.Debug|Any CPU.Build.0 = Debug|Any CPU
		{80BC273D-893B-4096-8CC2-67D3D0EAF697}.Release|Any CPU.ActiveCfg = Release|Any CPU
		{80BC273D-893B-4096-8CC2-67D3D0EAF697}.Release|Any CPU.Build.0 = Release|Any CPU
	EndGlobalSection
	GlobalSection(SolutionProperties) = preSolution
		HideSolutionNode = FALSE
	EndGlobalSection
	GlobalSection(ExtensibilityGlobals) = postSolution
		SolutionGuid = {EF35322D-82CE-48DA-B74C-298A9BC5C5CB}
	EndGlobalSection
EndGlobal
