
Microsoft Visual Studio Solution File, Format Version 12.00
# Visual Studio Version 16
VisualStudioVersion = 16.0.30517.126
MinimumVisualStudioVersion = 10.0.40219.1
Project("{FAE04EC0-301F-11D3-BF4B-00C04F79EFBC}") = "Exercise12_ComputingSimpleInterest", "Exercise12_ComputingSimpleInterest\Exercise12_ComputingSimpleInterest.csproj", "{2B09A0F8-C11B-4BA9-98AD-18673DB65D56}"
EndProject
Global
	GlobalSection(SolutionConfigurationPlatforms) = preSolution
		Debug|Any CPU = Debug|Any CPU
		Release|Any CPU = Release|Any CPU
	EndGlobalSection
	GlobalSection(ProjectConfigurationPlatforms) = postSolution
		{2B09A0F8-C11B-4BA9-98AD-18673DB65D56}.Debug|Any CPU.ActiveCfg = Debug|Any CPU
		{2B09A0F8-C11B-4BA9-98AD-18673DB65D56}.Debug|Any CPU.Build.0 = Debug|Any CPU
		{2B09A0F8-C11B-4BA9-98AD-18673DB65D56}.Release|Any CPU.ActiveCfg = Release|Any CPU
		{2B09A0F8-C11B-4BA9-98AD-18673DB65D56}.Release|Any CPU.Build.0 = Release|Any CPU
	EndGlobalSection
	GlobalSection(SolutionProperties) = preSolution
		HideSolutionNode = FALSE
	EndGlobalSection
	GlobalSection(ExtensibilityGlobals) = postSolution
		SolutionGuid = {504532E3-F228-4EE2-90CA-3579694A9B06}
	EndGlobalSection
EndGlobal
