
Microsoft Visual Studio Solution File, Format Version 12.00
# Visual Studio Version 16
VisualStudioVersion = 16.0.30517.126
MinimumVisualStudioVersion = 10.0.40219.1
Project("{FAE04EC0-301F-11D3-BF4B-00C04F79EFBC}") = "Exercise28_AddingNumbers", "Exercise28_AddingNumbers\Exercise28_AddingNumbers.csproj", "{358A1078-C5FA-4AA6-8E3E-956DF25CFFB9}"
EndProject
Global
	GlobalSection(SolutionConfigurationPlatforms) = preSolution
		Debug|Any CPU = Debug|Any CPU
		Release|Any CPU = Release|Any CPU
	EndGlobalSection
	GlobalSection(ProjectConfigurationPlatforms) = postSolution
		{358A1078-C5FA-4AA6-8E3E-956DF25CFFB9}.Debug|Any CPU.ActiveCfg = Debug|Any CPU
		{358A1078-C5FA-4AA6-8E3E-956DF25CFFB9}.Debug|Any CPU.Build.0 = Debug|Any CPU
		{358A1078-C5FA-4AA6-8E3E-956DF25CFFB9}.Release|Any CPU.ActiveCfg = Release|Any CPU
		{358A1078-C5FA-4AA6-8E3E-956DF25CFFB9}.Release|Any CPU.Build.0 = Release|Any CPU
	EndGlobalSection
	GlobalSection(SolutionProperties) = preSolution
		HideSolutionNode = FALSE
	EndGlobalSection
	GlobalSection(ExtensibilityGlobals) = postSolution
		SolutionGuid = {8CB9957A-05E1-4AB0-83B2-A6F8B487F29D}
	EndGlobalSection
EndGlobal
