
Microsoft Visual Studio Solution File, Format Version 12.00
# Visual Studio Version 16
VisualStudioVersion = 16.0.30517.126
MinimumVisualStudioVersion = 10.0.40219.1
Project("{FAE04EC0-301F-11D3-BF4B-00C04F79EFBC}") = "Exerice37_PasswordGenerator", "Exerice37_PasswordGenerator\Exerice37_PasswordGenerator.csproj", "{F3663977-C77C-46AE-9657-E0F63C087112}"
EndProject
Global
	GlobalSection(SolutionConfigurationPlatforms) = preSolution
		Debug|Any CPU = Debug|Any CPU
		Release|Any CPU = Release|Any CPU
	EndGlobalSection
	GlobalSection(ProjectConfigurationPlatforms) = postSolution
		{F3663977-C77C-46AE-9657-E0F63C087112}.Debug|Any CPU.ActiveCfg = Debug|Any CPU
		{F3663977-C77C-46AE-9657-E0F63C087112}.Debug|Any CPU.Build.0 = Debug|Any CPU
		{F3663977-C77C-46AE-9657-E0F63C087112}.Release|Any CPU.ActiveCfg = Release|Any CPU
		{F3663977-C77C-46AE-9657-E0F63C087112}.Release|Any CPU.Build.0 = Release|Any CPU
	EndGlobalSection
	GlobalSection(SolutionProperties) = preSolution
		HideSolutionNode = FALSE
	EndGlobalSection
	GlobalSection(ExtensibilityGlobals) = postSolution
		SolutionGuid = {1E456114-3BAC-467A-8475-D0DAA302A793}
	EndGlobalSection
EndGlobal
