
Microsoft Visual Studio Solution File, Format Version 12.00
# Visual Studio Version 16
VisualStudioVersion = 16.0.30517.126
MinimumVisualStudioVersion = 10.0.40219.1
Project("{FAE04EC0-301F-11D3-BF4B-00C04F79EFBC}") = "Exercise32_GuessTheNumberGame", "Exercise32_GuessTheNumberGame\Exercise32_GuessTheNumberGame.csproj", "{B60C651F-7CA0-4AB0-A38D-84D22C53C8E8}"
EndProject
Global
	GlobalSection(SolutionConfigurationPlatforms) = preSolution
		Debug|Any CPU = Debug|Any CPU
		Release|Any CPU = Release|Any CPU
	EndGlobalSection
	GlobalSection(ProjectConfigurationPlatforms) = postSolution
		{B60C651F-7CA0-4AB0-A38D-84D22C53C8E8}.Debug|Any CPU.ActiveCfg = Debug|Any CPU
		{B60C651F-7CA0-4AB0-A38D-84D22C53C8E8}.Debug|Any CPU.Build.0 = Debug|Any CPU
		{B60C651F-7CA0-4AB0-A38D-84D22C53C8E8}.Release|Any CPU.ActiveCfg = Release|Any CPU
		{B60C651F-7CA0-4AB0-A38D-84D22C53C8E8}.Release|Any CPU.Build.0 = Release|Any CPU
	EndGlobalSection
	GlobalSection(SolutionProperties) = preSolution
		HideSolutionNode = FALSE
	EndGlobalSection
	GlobalSection(ExtensibilityGlobals) = postSolution
		SolutionGuid = {9EEA70BD-690C-4006-8E26-5F193813BB59}
	EndGlobalSection
EndGlobal
