
Microsoft Visual Studio Solution File, Format Version 12.00
# Visual Studio Version 16
VisualStudioVersion = 16.0.30517.126
MinimumVisualStudioVersion = 10.0.40219.1
Project("{FAE04EC0-301F-11D3-BF4B-00C04F79EFBC}") = "Exercise30_MultiplicationTable", "Exercise30_MultiplicationTable\Exercise30_MultiplicationTable.csproj", "{DEC67B78-4924-4524-A77D-3B8FA10E9244}"
EndProject
Global
	GlobalSection(SolutionConfigurationPlatforms) = preSolution
		Debug|Any CPU = Debug|Any CPU
		Release|Any CPU = Release|Any CPU
	EndGlobalSection
	GlobalSection(ProjectConfigurationPlatforms) = postSolution
		{DEC67B78-4924-4524-A77D-3B8FA10E9244}.Debug|Any CPU.ActiveCfg = Debug|Any CPU
		{DEC67B78-4924-4524-A77D-3B8FA10E9244}.Debug|Any CPU.Build.0 = Debug|Any CPU
		{DEC67B78-4924-4524-A77D-3B8FA10E9244}.Release|Any CPU.ActiveCfg = Release|Any CPU
		{DEC67B78-4924-4524-A77D-3B8FA10E9244}.Release|Any CPU.Build.0 = Release|Any CPU
	EndGlobalSection
	GlobalSection(SolutionProperties) = preSolution
		HideSolutionNode = FALSE
	EndGlobalSection
	GlobalSection(ExtensibilityGlobals) = postSolution
		SolutionGuid = {DFB69A07-B097-4666-8DC7-D5F43AF3E2BA}
	EndGlobalSection
EndGlobal
