
Microsoft Visual Studio Solution File, Format Version 12.00
# Visual Studio Version 16
VisualStudioVersion = 16.0.30517.126
MinimumVisualStudioVersion = 10.0.40219.1
Project("{FAE04EC0-301F-11D3-BF4B-00C04F79EFBC}") = "Exercise10_SelfCheckout", "Exercise10_SelfCheckout\Exercise10_SelfCheckout.csproj", "{822BD62D-0290-4A5B-81F5-86BAC43836C7}"
EndProject
Global
	GlobalSection(SolutionConfigurationPlatforms) = preSolution
		Debug|Any CPU = Debug|Any CPU
		Release|Any CPU = Release|Any CPU
	EndGlobalSection
	GlobalSection(ProjectConfigurationPlatforms) = postSolution
		{822BD62D-0290-4A5B-81F5-86BAC43836C7}.Debug|Any CPU.ActiveCfg = Debug|Any CPU
		{822BD62D-0290-4A5B-81F5-86BAC43836C7}.Debug|Any CPU.Build.0 = Debug|Any CPU
		{822BD62D-0290-4A5B-81F5-86BAC43836C7}.Release|Any CPU.ActiveCfg = Release|Any CPU
		{822BD62D-0290-4A5B-81F5-86BAC43836C7}.Release|Any CPU.Build.0 = Release|Any CPU
	EndGlobalSection
	GlobalSection(SolutionProperties) = preSolution
		HideSolutionNode = FALSE
	EndGlobalSection
	GlobalSection(ExtensibilityGlobals) = postSolution
		SolutionGuid = {58A96496-CB49-4538-8916-B016C266A577}
	EndGlobalSection
EndGlobal
